
Microsoft Visual Studio Solution File, Format Version 12.00
# Visual Studio Version 17
VisualStudioVersion = 17.4.33027.239
MinimumVisualStudioVersion = 10.0.40219.1
Project("{9A19103F-16F7-4668-BE54-9A1E7A4F7556}") = "TestProject", "TestProject\TestProject.csproj", "{C58A4EE1-4B9A-458C-8251-373D3BCC0D6E}"
EndProject
Project("{00D1A9C2-B5F0-4AF3-8072-F6C62B433612}") = "DatabaseProject", "DatabaseProject\DatabaseProject.sqlproj", "{E3D2AA90-FB0D-410A-B9FE-7EFD5AB9FA94}"
EndProject
Project("{2150E333-8FDC-42A3-9474-1A3956D46DE8}") = "NewFolder1", "NewFolder1", "{5D243CC9-770E-4A16-9F6F-4FB13C463803}"
EndProject
Project("{2150E333-8FDC-42A3-9474-1A3956D46DE8}") = "NewFolder2", "NewFolder2", "{877DB1BD-DBBB-4997-9B26-EBA7518D5FE1}"
EndProject
Project("{2150E333-8FDC-42A3-9474-1A3956D46DE8}") = "NewFolder3", "NewFolder3", "{426939EF-91E0-40F4-B093-11682B5B6469}"
EndProject
Global
	GlobalSection(SolutionConfigurationPlatforms) = preSolution
		Debug|Any CPU = Debug|Any CPU
		Release|Any CPU = Release|Any CPU
	EndGlobalSection
	GlobalSection(ProjectConfigurationPlatforms) = postSolution
		{C58A4EE1-4B9A-458C-8251-373D3BCC0D6E}.Debug|Any CPU.ActiveCfg = Debug|Any CPU
		{C58A4EE1-4B9A-458C-8251-373D3BCC0D6E}.Debug|Any CPU.Build.0 = Debug|Any CPU
		{C58A4EE1-4B9A-458C-8251-373D3BCC0D6E}.Release|Any CPU.ActiveCfg = Release|Any CPU
		{C58A4EE1-4B9A-458C-8251-373D3BCC0D6E}.Release|Any CPU.Build.0 = Release|Any CPU
		{E3D2AA90-FB0D-410A-B9FE-7EFD5AB9FA94}.Debug|Any CPU.ActiveCfg = Debug|Any CPU
		{E3D2AA90-FB0D-410A-B9FE-7EFD5AB9FA94}.Debug|Any CPU.Build.0 = Debug|Any CPU
		{E3D2AA90-FB0D-410A-B9FE-7EFD5AB9FA94}.Debug|Any CPU.Deploy.0 = Debug|Any CPU
		{E3D2AA90-FB0D-410A-B9FE-7EFD5AB9FA94}.Release|Any CPU.ActiveCfg = Release|Any CPU
		{E3D2AA90-FB0D-410A-B9FE-7EFD5AB9FA94}.Release|Any CPU.Build.0 = Release|Any CPU
		{E3D2AA90-FB0D-410A-B9FE-7EFD5AB9FA94}.Release|Any CPU.Deploy.0 = Release|Any CPU
	EndGlobalSection
	GlobalSection(SolutionProperties) = preSolution
		HideSolutionNode = FALSE
	EndGlobalSection
	GlobalSection(NestedProjects) = preSolution
		{C58A4EE1-4B9A-458C-8251-373D3BCC0D6E} = {5D243CC9-770E-4A16-9F6F-4FB13C463803}
		{E3D2AA90-FB0D-410A-B9FE-7EFD5AB9FA94} = {426939EF-91E0-40F4-B093-11682B5B6469}
		{877DB1BD-DBBB-4997-9B26-EBA7518D5FE1} = {5D243CC9-770E-4A16-9F6F-4FB13C463803}
		{426939EF-91E0-40F4-B093-11682B5B6469} = {877DB1BD-DBBB-4997-9B26-EBA7518D5FE1}
	EndGlobalSection
	GlobalSection(ExtensibilityGlobals) = postSolution
		SolutionGuid = {AE24893F-C804-40AF-BE98-551D4E1E79D9}
	EndGlobalSection
EndGlobal
